
Microsoft Visual Studio Solution File, Format Version 12.00
# Visual Studio Version 17
VisualStudioVersion = 17.14.36414.22 d17.14
MinimumVisualStudioVersion = 10.0.40219.1
Project("{FAE04EC0-301F-11D3-BF4B-00C04F79EFBC}") = "Calculator", "Calculator\Calculator.csproj", "{7B430CD3-2D78-4AC7-9B36-B69BEFFBDDB8}"
EndProject
Global
	GlobalSection(SolutionConfigurationPlatforms) = preSolution
		Debug|Any CPU = Debug|Any CPU
		Release|Any CPU = Release|Any CPU
	EndGlobalSection
	GlobalSection(ProjectConfigurationPlatforms) = postSolution
		{7B430CD3-2D78-4AC7-9B36-B69BEFFBDDB8}.Debug|Any CPU.ActiveCfg = Debug|Any CPU
		{7B430CD3-2D78-4AC7-9B36-B69BEFFBDDB8}.Debug|Any CPU.Build.0 = Debug|Any CPU
		{7B430CD3-2D78-4AC7-9B36-B69BEFFBDDB8}.Release|Any CPU.ActiveCfg = Release|Any CPU
		{7B430CD3-2D78-4AC7-9B36-B69BEFFBDDB8}.Release|Any CPU.Build.0 = Release|Any CPU
	EndGlobalSection
	GlobalSection(SolutionProperties) = preSolution
		HideSolutionNode = FALSE
	EndGlobalSection
	GlobalSection(ExtensibilityGlobals) = postSolution
		SolutionGuid = {C7AF642C-8BB4-4143-B182-E132EC1FDE74}
	EndGlobalSection
EndGlobal
